PODS:
  - SwiftyGraph (0.1)

DEPENDENCIES:
  - SwiftyGraph (from `../SwiftyGraph`)

EXTERNAL SOURCES:
  SwiftyGraph:
    :path: ../SwiftyGraph

SPEC CHECKSUMS:
  SwiftyGraph: 374dedb4dba737695d2a440643f8b97118d26436

PODFILE CHECKSUM: 4f17db5776f0f6b78e51ab733fa766f61735cc03

COCOAPODS: 1.2.0.beta.3
