// !$*UTF8*$!
{
	archiveVersion = 1;
	classes = {
	};
	objectVersion = 46;
	objects = {

/* Begin PBXBuildFile section */
		E90F4BB71DFF3C2A0095C28C /* SwiftyGraph.h in Headers */ = {isa = PBXBuildFile; fileRef = E90F4BA91DFF3C290095C28C /* SwiftyGraph.h */; settings = {ATTRIBUTES = (Public, ); }; };
		E97257611E0BBD4200180714 /* Edge.swift in Sources */ = {isa = PBXBuildFile; fileRef = E972574B1E0BBD4200180714 /* Edge.swift */; };
		E97257621E0BBD4200180714 /* EdgeProtocol.swift in Sources */ = {isa = PBXBuildFile; fileRef = E972574C1E0BBD4200180714 /* EdgeProtocol.swift */; };
		E97257631E0BBD4200180714 /* Weight.swift in Sources */ = {isa = PBXBuildFile; fileRef = E972574D1E0BBD4200180714 /* Weight.swift */; };
		E97257641E0BBD4200180714 /* WeightProtocol.swift in Sources */ = {isa = PBXBuildFile; fileRef = E972574E1E0BBD4200180714 /* WeightProtocol.swift */; };
		E97257651E0BBD4200180714 /* WeightType.swift in Sources */ = {isa = PBXBuildFile; fileRef = E972574F1E0BBD4200180714 /* WeightType.swift */; };
		E97257671E0BBD4200180714 /* DirectionType.swift in Sources */ = {isa = PBXBuildFile; fileRef = E97257541E0BBD4200180714 /* DirectionType.swift */; };
		E97257681E0BBD4200180714 /* GraphUnweighted.swift in Sources */ = {isa = PBXBuildFile; fileRef = E97257561E0BBD4200180714 /* GraphUnweighted.swift */; };
		E97257691E0BBD4200180714 /* GraphWeighted.swift in Sources */ = {isa = PBXBuildFile; fileRef = E97257571E0BBD4200180714 /* GraphWeighted.swift */; };
		E972576A1E0BBD4200180714 /* GraphProtocol.swift in Sources */ = {isa = PBXBuildFile; fileRef = E97257591E0BBD4200180714 /* GraphProtocol.swift */; };
		E972576B1E0BBD4200180714 /* GraphUnweightedProtocol.swift in Sources */ = {isa = PBXBuildFile; fileRef = E972575A1E0BBD4200180714 /* GraphUnweightedProtocol.swift */; };
		E972576C1E0BBD4200180714 /* GraphWeightedProtocol.swift in Sources */ = {isa = PBXBuildFile; fileRef = E972575B1E0BBD4200180714 /* GraphWeightedProtocol.swift */; };
		E972576D1E0BBD4200180714 /* SwiftyGraph.swift in Sources */ = {isa = PBXBuildFile; fileRef = E972575C1E0BBD4200180714 /* SwiftyGraph.swift */; };
		E972576E1E0BBD4200180714 /* Vertice.swift in Sources */ = {isa = PBXBuildFile; fileRef = E972575E1E0BBD4200180714 /* Vertice.swift */; };
		E97257701E0BBD4200180714 /* VerticeProtocol.swift in Sources */ = {isa = PBXBuildFile; fileRef = E97257601E0BBD4200180714 /* VerticeProtocol.swift */; };
		E98BC2391E1AEC330085F044 /* Dijkstra.swift in Sources */ = {isa = PBXBuildFile; fileRef = E98BC2381E1AEC330085F044 /* Dijkstra.swift */; };
		E9E882E11E196E290078E2CD /* VerticeMetaData.swift in Sources */ = {isa = PBXBuildFile; fileRef = E9E882E01E196E290078E2CD /* VerticeMetaData.swift */; };
/* End PBXBuildFile section */

/* Begin PBXFileReference section */
		E90F4BA61DFF3C290095C28C /* SwiftyGraph.framework */ = {isa = PBXFileReference; explicitFileType = wrapper.framework; includeInIndex = 0; path = SwiftyGraph.framework; sourceTree = BUILT_PRODUCTS_DIR; };
		E90F4BA91DFF3C290095C28C /* SwiftyGraph.h */ = {isa = PBXFileReference; lastKnownFileType = sourcecode.c.h; path = SwiftyGraph.h; sourceTree = "<group>"; };
		E90F4BAA1DFF3C290095C28C /* Info.plist */ = {isa = PBXFileReference; lastKnownFileType = text.plist.xml; path = Info.plist; sourceTree = "<group>"; };
		E93B47021E1D52680030F9CC /* SwiftyGraphTests.swift */ = {isa = PBXFileReference; lastKnownFileType = sourcecode.swift; path = SwiftyGraphTests.swift; sourceTree = "<group>"; };
		E93B47041E1D52680030F9CC /* Info.plist */ = {isa = PBXFileReference; lastKnownFileType = text.plist.xml; path = Info.plist; sourceTree = "<group>"; };
		E972574B1E0BBD4200180714 /* Edge.swift */ = {isa = PBXFileReference; fileEncoding = 4; lastKnownFileType = sourcecode.swift; path = Edge.swift; sourceTree = "<group>"; };
		E972574C1E0BBD4200180714 /* EdgeProtocol.swift */ = {isa = PBXFileReference; fileEncoding = 4; lastKnownFileType = sourcecode.swift; path = EdgeProtocol.swift; sourceTree = "<group>"; };
		E972574D1E0BBD4200180714 /* Weight.swift */ = {isa = PBXFileReference; fileEncoding = 4; lastKnownFileType = sourcecode.swift; path = Weight.swift; sourceTree = "<group>"; };
		E972574E1E0BBD4200180714 /* WeightProtocol.swift */ = {isa = PBXFileReference; fileEncoding = 4; lastKnownFileType = sourcecode.swift; path = WeightProtocol.swift; sourceTree = "<group>"; };
		E972574F1E0BBD4200180714 /* WeightType.swift */ = {isa = PBXFileReference; fileEncoding = 4; lastKnownFileType = sourcecode.swift; path = WeightType.swift; sourceTree = "<group>"; };
		E97257541E0BBD4200180714 /* DirectionType.swift */ = {isa = PBXFileReference; fileEncoding = 4; lastKnownFileType = sourcecode.swift; path = DirectionType.swift; sourceTree = "<group>"; };
		E97257561E0BBD4200180714 /* GraphUnweighted.swift */ = {isa = PBXFileReference; fileEncoding = 4; lastKnownFileType = sourcecode.swift; path = GraphUnweighted.swift; sourceTree = "<group>"; };
		E97257571E0BBD4200180714 /* GraphWeighted.swift */ = {isa = PBXFileReference; fileEncoding = 4; lastKnownFileType = sourcecode.swift; path = GraphWeighted.swift; sourceTree = "<group>"; };
		E97257591E0BBD4200180714 /* GraphProtocol.swift */ = {isa = PBXFileReference; fileEncoding = 4; lastKnownFileType = sourcecode.swift; path = GraphProtocol.swift; sourceTree = "<group>"; };
		E972575A1E0BBD4200180714 /* GraphUnweightedProtocol.swift */ = {isa = PBXFileReference; fileEncoding = 4; lastKnownFileType = sourcecode.swift; path = GraphUnweightedProtocol.swift; sourceTree = "<group>"; };
		E972575B1E0BBD4200180714 /* GraphWeightedProtocol.swift */ = {isa = PBXFileReference; fileEncoding = 4; lastKnownFileType = sourcecode.swift; path = GraphWeightedProtocol.swift; sourceTree = "<group>"; };
		E972575C1E0BBD4200180714 /* SwiftyGraph.swift */ = {isa = PBXFileReference; fileEncoding = 4; lastKnownFileType = sourcecode.swift; path = SwiftyGraph.swift; sourceTree = "<group>"; };
		E972575E1E0BBD4200180714 /* Vertice.swift */ = {isa = PBXFileReference; fileEncoding = 4; lastKnownFileType = sourcecode.swift; path = Vertice.swift; sourceTree = "<group>"; };
		E97257601E0BBD4200180714 /* VerticeProtocol.swift */ = {isa = PBXFileReference; fileEncoding = 4; lastKnownFileType = sourcecode.swift; path = VerticeProtocol.swift; sourceTree = "<group>"; };
		E98BC2381E1AEC330085F044 /* Dijkstra.swift */ = {isa = PBXFileReference; fileEncoding = 4; lastKnownFileType = sourcecode.swift; path = Dijkstra.swift; sourceTree = "<group>"; };
		E9E882E01E196E290078E2CD /* VerticeMetaData.swift */ = {isa = PBXFileReference; fileEncoding = 4; lastKnownFileType = sourcecode.swift; path = VerticeMetaData.swift; sourceTree = "<group>"; };
/* End PBXFileReference section */

/* Begin PBXFrameworksBuildPhase section */
		E90F4BA21DFF3C290095C28C /* Frameworks */ = {
			isa = PBXFrameworksBuildPhase;
			buildActionMask = 2147483647;
			files = (
			);
			runOnlyForDeploymentPostprocessing = 0;
		};
/* End PBXFrameworksBuildPhase section */

/* Begin PBXGroup section */
		E90F4B9C1DFF3C290095C28C = {
			isa = PBXGroup;
			children = (
				E90F4BA81DFF3C290095C28C /* SwiftyGraph */,
				E93B47011E1D52680030F9CC /* SwiftyGraphTests */,
				E90F4BA71DFF3C290095C28C /* Products */,
			);
			sourceTree = "<group>";
		};
		E90F4BA71DFF3C290095C28C /* Products */ = {
			isa = PBXGroup;
			children = (
				E90F4BA61DFF3C290095C28C /* SwiftyGraph.framework */,
			);
			name = Products;
			sourceTree = "<group>";
		};
		E90F4BA81DFF3C290095C28C /* SwiftyGraph */ = {
			isa = PBXGroup;
			children = (
				E972574A1E0BBD4200180714 /* Edge */,
				E97257501E0BBD4200180714 /* Graph */,
				E972575D1E0BBD4200180714 /* Vertice */,
				E98BC2351E1AEC140085F044 /* Algorithms */,
				E90F4BA91DFF3C290095C28C /* SwiftyGraph.h */,
				E90F4BAA1DFF3C290095C28C /* Info.plist */,
			);
			path = SwiftyGraph;
			sourceTree = "<group>";
		};
		E93B47011E1D52680030F9CC /* SwiftyGraphTests */ = {
			isa = PBXGroup;
			children = (
				E93B47021E1D52680030F9CC /* SwiftyGraphTests.swift */,
				E93B47041E1D52680030F9CC /* Info.plist */,
			);
			path = SwiftyGraphTests;
			sourceTree = "<group>";
		};
		E972574A1E0BBD4200180714 /* Edge */ = {
			isa = PBXGroup;
			children = (
				E972574B1E0BBD4200180714 /* Edge.swift */,
				E972574C1E0BBD4200180714 /* EdgeProtocol.swift */,
				E972574D1E0BBD4200180714 /* Weight.swift */,
				E972574E1E0BBD4200180714 /* WeightProtocol.swift */,
				E972574F1E0BBD4200180714 /* WeightType.swift */,
			);
			path = Edge;
			sourceTree = "<group>";
		};
		E97257501E0BBD4200180714 /* Graph */ = {
			isa = PBXGroup;
			children = (
				E97257531E0BBD4200180714 /* Direction */,
				E97257551E0BBD4200180714 /* Inherited Graphs */,
				E97257581E0BBD4200180714 /* Protocol */,
				E972575C1E0BBD4200180714 /* SwiftyGraph.swift */,
			);
			path = Graph;
			sourceTree = "<group>";
		};
		E97257531E0BBD4200180714 /* Direction */ = {
			isa = PBXGroup;
			children = (
				E97257541E0BBD4200180714 /* DirectionType.swift */,
			);
			path = Direction;
			sourceTree = "<group>";
		};
		E97257551E0BBD4200180714 /* Inherited Graphs */ = {
			isa = PBXGroup;
			children = (
				E97257561E0BBD4200180714 /* GraphUnweighted.swift */,
				E97257571E0BBD4200180714 /* GraphWeighted.swift */,
			);
			path = "Inherited Graphs";
			sourceTree = "<group>";
		};
		E97257581E0BBD4200180714 /* Protocol */ = {
			isa = PBXGroup;
			children = (
				E97257591E0BBD4200180714 /* GraphProtocol.swift */,
				E972575A1E0BBD4200180714 /* GraphUnweightedProtocol.swift */,
				E972575B1E0BBD4200180714 /* GraphWeightedProtocol.swift */,
			);
			path = Protocol;
			sourceTree = "<group>";
		};
		E972575D1E0BBD4200180714 /* Vertice */ = {
			isa = PBXGroup;
			children = (
				E9E882E01E196E290078E2CD /* VerticeMetaData.swift */,
				E972575E1E0BBD4200180714 /* Vertice.swift */,
				E97257601E0BBD4200180714 /* VerticeProtocol.swift */,
			);
			path = Vertice;
			sourceTree = "<group>";
		};
		E98BC2351E1AEC140085F044 /* Algorithms */ = {
			isa = PBXGroup;
			children = (
				E98BC2361E1AEC140085F044 /* Shortest Path */,
			);
			path = Algorithms;
			sourceTree = "<group>";
		};
		E98BC2361E1AEC140085F044 /* Shortest Path */ = {
			isa = PBXGroup;
			children = (
				E98BC2371E1AEC140085F044 /* Dijkstra */,
			);
			path = "Shortest Path";
			sourceTree = "<group>";
		};
		E98BC2371E1AEC140085F044 /* Dijkstra */ = {
			isa = PBXGroup;
			children = (
				E98BC2381E1AEC330085F044 /* Dijkstra.swift */,
			);
			path = Dijkstra;
			sourceTree = "<group>";
		};
/* End PBXGroup section */

/* Begin PBXHeadersBuildPhase section */
		E90F4BA31DFF3C290095C28C /* Headers */ = {
			isa = PBXHeadersBuildPhase;
			buildActionMask = 2147483647;
			files = (
				E90F4BB71DFF3C2A0095C28C /* SwiftyGraph.h in Headers */,
			);
			runOnlyForDeploymentPostprocessing = 0;
		};
/* End PBXHeadersBuildPhase section */

/* Begin PBXNativeTarget section */
		E90F4BA51DFF3C290095C28C /* SwiftyGraph */ = {
			isa = PBXNativeTarget;
			buildConfigurationList = E90F4BBA1DFF3C2A0095C28C /* Build configuration list for PBXNativeTarget "SwiftyGraph" */;
			buildPhases = (
				E90F4BA11DFF3C290095C28C /* Sources */,
				E90F4BA21DFF3C290095C28C /* Frameworks */,
				E90F4BA31DFF3C290095C28C /* Headers */,
				E90F4BA41DFF3C290095C28C /* Resources */,
			);
			buildRules = (
			);
			dependencies = (
			);
			name = SwiftyGraph;
			productName = SwiftyGraph;
			productReference = E90F4BA61DFF3C290095C28C /* SwiftyGraph.framework */;
			productType = "com.apple.product-type.framework";
		};
/* End PBXNativeTarget section */

/* Begin PBXProject section */
		E90F4B9D1DFF3C290095C28C /* Project object */ = {
			isa = PBXProject;
			attributes = {
				LastSwiftUpdateCheck = 0820;
				LastUpgradeCheck = 0800;
				ORGANIZATIONNAME = "Thomas Segkoulis";
				TargetAttributes = {
					E90F4BA51DFF3C290095C28C = {
						CreatedOnToolsVersion = 8.0;
						DevelopmentTeam = HUBMAYY26V;
						LastSwiftMigration = 0800;
						ProvisioningStyle = Automatic;
					};
				};
			};
			buildConfigurationList = E90F4BA01DFF3C290095C28C /* Build configuration list for PBXProject "SwiftyGraph" */;
			compatibilityVersion = "Xcode 3.2";
			developmentRegion = English;
			hasScannedForEncodings = 0;
			knownRegions = (
				en,
			);
			mainGroup = E90F4B9C1DFF3C290095C28C;
			productRefGroup = E90F4BA71DFF3C290095C28C /* Products */;
			projectDirPath = "";
			projectRoot = "";
			targets = (
				E90F4BA51DFF3C290095C28C /* SwiftyGraph */,
			);
		};
/* End PBXProject section */

/* Begin PBXResourcesBuildPhase section */
		E90F4BA41DFF3C290095C28C /* Resources */ = {
			isa = PBXResourcesBuildPhase;
			buildActionMask = 2147483647;
			files = (
			);
			runOnlyForDeploymentPostprocessing = 0;
		};
/* End PBXResourcesBuildPhase section */

/* Begin PBXSourcesBuildPhase section */
		E90F4BA11DFF3C290095C28C /* Sources */ = {
			isa = PBXSourcesBuildPhase;
			buildActionMask = 2147483647;
			files = (
				E972576D1E0BBD4200180714 /* SwiftyGraph.swift in Sources */,
				E972576C1E0BBD4200180714 /* GraphWeightedProtocol.swift in Sources */,
				E97257641E0BBD4200180714 /* WeightProtocol.swift in Sources */,
				E9E882E11E196E290078E2CD /* VerticeMetaData.swift in Sources */,
				E972576A1E0BBD4200180714 /* GraphProtocol.swift in Sources */,
				E98BC2391E1AEC330085F044 /* Dijkstra.swift in Sources */,
				E97257671E0BBD4200180714 /* DirectionType.swift in Sources */,
				E97257701E0BBD4200180714 /* VerticeProtocol.swift in Sources */,
				E97257651E0BBD4200180714 /* WeightType.swift in Sources */,
				E97257621E0BBD4200180714 /* EdgeProtocol.swift in Sources */,
				E97257611E0BBD4200180714 /* Edge.swift in Sources */,
				E972576B1E0BBD4200180714 /* GraphUnweightedProtocol.swift in Sources */,
				E97257631E0BBD4200180714 /* Weight.swift in Sources */,
				E972576E1E0BBD4200180714 /* Vertice.swift in Sources */,
				E97257681E0BBD4200180714 /* GraphUnweighted.swift in Sources */,
				E97257691E0BBD4200180714 /* GraphWeighted.swift in Sources */,
			);
			runOnlyForDeploymentPostprocessing = 0;
		};
/* End PBXSourcesBuildPhase section */

/* Begin XCBuildConfiguration section */
		E90F4BB81DFF3C2A0095C28C /* Debug */ = {
			isa = XCBuildConfiguration;
			buildSettings = {
				ALWAYS_SEARCH_USER_PATHS = NO;
				CLANG_ANALYZER_NONNULL = YES;
				CLANG_CXX_LANGUAGE_STANDARD = "gnu++0x";
				CLANG_CXX_LIBRARY = "libc++";
				CLANG_ENABLE_MODULES = YES;
				CLANG_ENABLE_OBJC_ARC = YES;
				CLANG_WARN_BOOL_CONVERSION = YES;
				CLANG_WARN_CONSTANT_CONVERSION = YES;
				CLANG_WARN_DIRECT_OBJC_ISA_USAGE = YES_ERROR;
				CLANG_WARN_DOCUMENTATION_COMMENTS = YES;
				CLANG_WARN_EMPTY_BODY = YES;
				CLANG_WARN_ENUM_CONVERSION = YES;
				CLANG_WARN_INFINITE_RECURSION = YES;
				CLANG_WARN_INT_CONVERSION = YES;
				CLANG_WARN_OBJC_ROOT_CLASS = YES_ERROR;
				CLANG_WARN_SUSPICIOUS_MOVES = YES;
				CLANG_WARN_UNREACHABLE_CODE = YES;
				CLANG_WARN__DUPLICATE_METHOD_MATCH = YES;
				"CODE_SIGN_IDENTITY[sdk=iphoneos*]" = "iPhone Developer";
				COPY_PHASE_STRIP = NO;
				CURRENT_PROJECT_VERSION = 1;
				DEBUG_INFORMATION_FORMAT = dwarf;
				ENABLE_STRICT_OBJC_MSGSEND = YES;
				ENABLE_TESTABILITY = YES;
				GCC_C_LANGUAGE_STANDARD = gnu99;
				GCC_DYNAMIC_NO_PIC = NO;
				GCC_NO_COMMON_BLOCKS = YES;
				GCC_OPTIMIZATION_LEVEL = 0;
				GCC_PREPROCESSOR_DEFINITIONS = (
					"DEBUG=1",
					"$(inherited)",
				);
				GCC_WARN_64_TO_32_BIT_CONVERSION = YES;
				GCC_WARN_ABOUT_RETURN_TYPE = YES_ERROR;
				GCC_WARN_UNDECLARED_SELECTOR = YES;
				GCC_WARN_UNINITIALIZED_AUTOS = YES_AGGRESSIVE;
				GCC_WARN_UNUSED_FUNCTION = YES;
				GCC_WARN_UNUSED_VARIABLE = YES;
				IPHONEOS_DEPLOYMENT_TARGET = 10.0;
				MTL_ENABLE_DEBUG_INFO = YES;
				ONLY_ACTIVE_ARCH = YES;
				SDKROOT = iphoneos;
				SWIFT_ACTIVE_COMPILATION_CONDITIONS = DEBUG;
				SWIFT_OPTIMIZATION_LEVEL = "-Onone";
				TARGETED_DEVICE_FAMILY = "1,2";
				VERSIONING_SYSTEM = "apple-generic";
				VERSION_INFO_PREFIX = "";
			};
			name = Debug;
		};
		E90F4BB91DFF3C2A0095C28C /* Release */ = {
			isa = XCBuildConfiguration;
			buildSettings = {
				ALWAYS_SEARCH_USER_PATHS = NO;
				CLANG_ANALYZER_NONNULL = YES;
				CLANG_CXX_LANGUAGE_STANDARD = "gnu++0x";
				CLANG_CXX_LIBRARY = "libc++";
				CLANG_ENABLE_MODULES = YES;
				CLANG_ENABLE_OBJC_ARC = YES;
				CLANG_WARN_BOOL_CONVERSION = YES;
				CLANG_WARN_CONSTANT_CONVERSION = YES;
				CLANG_WARN_DIRECT_OBJC_ISA_USAGE = YES_ERROR;
				CLANG_WARN_DOCUMENTATION_COMMENTS = YES;
				CLANG_WARN_EMPTY_BODY = YES;
				CLANG_WARN_ENUM_CONVERSION = YES;
				CLANG_WARN_INFINITE_RECURSION = YES;
				CLANG_WARN_INT_CONVERSION = YES;
				CLANG_WARN_OBJC_ROOT_CLASS = YES_ERROR;
				CLANG_WARN_SUSPICIOUS_MOVES = YES;
				CLANG_WARN_UNREACHABLE_CODE = YES;
				CLANG_WARN__DUPLICATE_METHOD_MATCH = YES;
				"CODE_SIGN_IDENTITY[sdk=iphoneos*]" = "iPhone Developer";
				COPY_PHASE_STRIP = NO;
				CURRENT_PROJECT_VERSION = 1;
				DEBUG_INFORMATION_FORMAT = "dwarf-with-dsym";
				ENABLE_NS_ASSERTIONS = NO;
				ENABLE_STRICT_OBJC_MSGSEND = YES;
				GCC_C_LANGUAGE_STANDARD = gnu99;
				GCC_NO_COMMON_BLOCKS = YES;
				GCC_WARN_64_TO_32_BIT_CONVERSION = YES;
				GCC_WARN_ABOUT_RETURN_TYPE = YES_ERROR;
				GCC_WARN_UNDECLARED_SELECTOR = YES;
				GCC_WARN_UNINITIALIZED_AUTOS = YES_AGGRESSIVE;
				GCC_WARN_UNUSED_FUNCTION = YES;
				GCC_WARN_UNUSED_VARIABLE = YES;
				IPHONEOS_DEPLOYMENT_TARGET = 10.0;
				MTL_ENABLE_DEBUG_INFO = NO;
				SDKROOT = iphoneos;
				SWIFT_OPTIMIZATION_LEVEL = "-Owholemodule";
				TARGETED_DEVICE_FAMILY = "1,2";
				VALIDATE_PRODUCT = YES;
				VERSIONING_SYSTEM = "apple-generic";
				VERSION_INFO_PREFIX = "";
			};
			name = Release;
		};
		E90F4BBB1DFF3C2A0095C28C /* Debug */ = {
			isa = XCBuildConfiguration;
			buildSettings = {
				CLANG_ENABLE_MODULES = YES;
				CODE_SIGN_IDENTITY = "";
				DEFINES_MODULE = YES;
				DEVELOPMENT_TEAM = HUBMAYY26V;
				DYLIB_COMPATIBILITY_VERSION = 1;
				DYLIB_CURRENT_VERSION = 1;
				DYLIB_INSTALL_NAME_BASE = "@rpath";
				INFOPLIST_FILE = SwiftyGraph/Info.plist;
				INSTALL_PATH = "$(LOCAL_LIBRARY_DIR)/Frameworks";
				LD_RUNPATH_SEARCH_PATHS = "$(inherited) @executable_path/Frameworks @loader_path/Frameworks";
				PRODUCT_BUNDLE_IDENTIFIER = com.JrancoMobile.SwiftyGraph;
				PRODUCT_NAME = "$(TARGET_NAME)";
				SKIP_INSTALL = YES;
				SWIFT_OPTIMIZATION_LEVEL = "-Onone";
				SWIFT_VERSION = 3.0;
			};
			name = Debug;
		};
		E90F4BBC1DFF3C2A0095C28C /* Release */ = {
			isa = XCBuildConfiguration;
			buildSettings = {
				CLANG_ENABLE_MODULES = YES;
				CODE_SIGN_IDENTITY = "";
				DEFINES_MODULE = YES;
				DEVELOPMENT_TEAM = HUBMAYY26V;
				DYLIB_COMPATIBILITY_VERSION = 1;
				DYLIB_CURRENT_VERSION = 1;
				DYLIB_INSTALL_NAME_BASE = "@rpath";
				INFOPLIST_FILE = SwiftyGraph/Info.plist;
				INSTALL_PATH = "$(LOCAL_LIBRARY_DIR)/Frameworks";
				LD_RUNPATH_SEARCH_PATHS = "$(inherited) @executable_path/Frameworks @loader_path/Frameworks";
				PRODUCT_BUNDLE_IDENTIFIER = com.JrancoMobile.SwiftyGraph;
				PRODUCT_NAME = "$(TARGET_NAME)";
				SKIP_INSTALL = YES;
				SWIFT_VERSION = 3.0;
			};
			name = Release;
		};
/* End XCBuildConfiguration section */

/* Begin XCConfigurationList section */
		E90F4BA01DFF3C290095C28C /* Build configuration list for PBXProject "SwiftyGraph" */ = {
			isa = XCConfigurationList;
			buildConfigurations = (
				E90F4BB81DFF3C2A0095C28C /* Debug */,
				E90F4BB91DFF3C2A0095C28C /* Release */,
			);
			defaultConfigurationIsVisible = 0;
			defaultConfigurationName = Release;
		};
		E90F4BBA1DFF3C2A0095C28C /* Build configuration list for PBXNativeTarget "SwiftyGraph" */ = {
			isa = XCConfigurationList;
			buildConfigurations = (
				E90F4BBB1DFF3C2A0095C28C /* Debug */,
				E90F4BBC1DFF3C2A0095C28C /* Release */,
			);
			defaultConfigurationIsVisible = 0;
			defaultConfigurationName = Release;
		};
/* End XCConfigurationList section */
	};
	rootObject = E90F4B9D1DFF3C290095C28C /* Project object */;
}
